{
  "pins" : [
    {
      "identity" : "oslogviewer",
      "kind" : "remoteSourceControl",
      "location" : "https://github.com/0xWDG/OSLogViewer.git",
      "state" : {
        "revision" : "f226e23a897b58640e09e4bedd53b93440c9152d",
        "version" : "1.1.5"
      }
    }
  ],
  "version" : 2
}
