// !$*UTF8*$!
{
	archiveVersion = 1;
	classes = {
	};
	objectVersion = 55;
	objects = {

/* Begin PBXBuildFile section */
		2B28424927C908FE00C1E061 /* Launch Screen.storyboard in Resources */ = {isa = PBXBuildFile; fileRef = 2B28424827C908FE00C1E061 /* Launch Screen.storyboard */; };
		2B3AACF127BC2BC400B05797 /* Settings.bundle in Resources */ = {isa = PBXBuildFile; fileRef = 2B3AACF027BC2BC400B05797 /* Settings.bundle */; };
		2BA33D5D279F29760073BC8B /* PersonModel.swift in Sources */ = {isa = PBXBuildFile; fileRef = 2BA33D5C279F29760073BC8B /* PersonModel.swift */; };
		2BA33D6227A07C020073BC8B /* EventView.swift in Sources */ = {isa = PBXBuildFile; fileRef = 2BA33D6127A07C020073BC8B /* EventView.swift */; };
		2BA4930F27DCDF7C005237BC /* RefreshModel.swift in Sources */ = {isa = PBXBuildFile; fileRef = 2BA4930E27DCDF7C005237BC /* RefreshModel.swift */; };
		2BA6B47F27DE0BC000E926F1 /* JobsView.swift in Sources */ = {isa = PBXBuildFile; fileRef = 2BA6B47E27DE0BC000E926F1 /* JobsView.swift */; };
		2BB2C61C27A9CDA500F07B96 /* Model.swift in Sources */ = {isa = PBXBuildFile; fileRef = 2BB2C61B27A9CDA500F07B96 /* Model.swift */; };
		2BB2C61E27AD63B100F07B96 /* DateConverter.swift in Sources */ = {isa = PBXBuildFile; fileRef = 2BB2C61D27AD63B100F07B96 /* DateConverter.swift */; };
		2BB690FD279DA24E003B4A00 /* AboutView.swift in Sources */ = {isa = PBXBuildFile; fileRef = 2BB690F9279DA24E003B4A00 /* AboutView.swift */; };
		2BB690FE279DA24E003B4A00 /* MainView.swift in Sources */ = {isa = PBXBuildFile; fileRef = 2BB690FA279DA24E003B4A00 /* MainView.swift */; };
		2BB690FF279DA24E003B4A00 /* Settings.swift in Sources */ = {isa = PBXBuildFile; fileRef = 2BB690FB279DA24E003B4A00 /* Settings.swift */; };
		2BB69100279DA24E003B4A00 /* HomeView.swift in Sources */ = {isa = PBXBuildFile; fileRef = 2BB690FC279DA24E003B4A00 /* HomeView.swift */; };
		2BB6910C279DA2B4003B4A00 /* EventListView.swift in Sources */ = {isa = PBXBuildFile; fileRef = 2BB69109279DA2B4003B4A00 /* EventListView.swift */; };
		2BB6910D279DA2B4003B4A00 /* EventModel.swift in Sources */ = {isa = PBXBuildFile; fileRef = 2BB6910A279DA2B4003B4A00 /* EventModel.swift */; };
		2BB6910E279DA2B4003B4A00 /* EventCell.swift in Sources */ = {isa = PBXBuildFile; fileRef = 2BB6910B279DA2B4003B4A00 /* EventCell.swift */; };
		2BB69111279DA314003B4A00 /* Aurora in Frameworks */ = {isa = PBXBuildFile; productRef = 2BB69110279DA314003B4A00 /* Aurora */; };
		2BEBC0D8279DA1E5001E962F /* AppsterdamApp.swift in Sources */ = {isa = PBXBuildFile; fileRef = 2BEBC0D7279DA1E5001E962F /* AppsterdamApp.swift */; };
		2BEBC0DC279DA1E6001E962F /* Assets.xcassets in Resources */ = {isa = PBXBuildFile; fileRef = 2BEBC0DB279DA1E6001E962F /* Assets.xcassets */; };
		2BEBC0DF279DA1E6001E962F /* Preview Assets.xcassets in Resources */ = {isa = PBXBuildFile; fileRef = 2BEBC0DE279DA1E6001E962F /* Preview Assets.xcassets */; };
		2BEBC0E9279DA1E6001E962F /* AppsterdamTests.swift in Sources */ = {isa = PBXBuildFile; fileRef = 2BEBC0E8279DA1E6001E962F /* AppsterdamTests.swift */; };
		2BEBC0F3279DA1E6001E962F /* AppsterdamUITests.swift in Sources */ = {isa = PBXBuildFile; fileRef = 2BEBC0F2279DA1E6001E962F /* AppsterdamUITests.swift */; };
		2BEBC0F5279DA1E6001E962F /* AppsterdamUITestsLaunchTests.swift in Sources */ = {isa = PBXBuildFile; fileRef = 2BEBC0F4279DA1E6001E962F /* AppsterdamUITestsLaunchTests.swift */; };
		2BF60FCB27DD114D002D5DE3 /* Notifications.swift in Sources */ = {isa = PBXBuildFile; fileRef = 2BF60FCA27DD114C002D5DE3 /* Notifications.swift */; };
		2BF950CB27E1218400705D61 /* StaffPersonView.swift in Sources */ = {isa = PBXBuildFile; fileRef = 2BF950CA27E1218300705D61 /* StaffPersonView.swift */; };
/* End PBXBuildFile section */

/* Begin PBXContainerItemProxy section */
		2BEBC0E5279DA1E6001E962F /* PBXContainerItemProxy */ = {
			isa = PBXContainerItemProxy;
			containerPortal = 2BEBC0CC279DA1E5001E962F /* Project object */;
			proxyType = 1;
			remoteGlobalIDString = 2BEBC0D3279DA1E5001E962F;
			remoteInfo = Appsterdam;
		};
		2BEBC0EF279DA1E6001E962F /* PBXContainerItemProxy */ = {
			isa = PBXContainerItemProxy;
			containerPortal = 2BEBC0CC279DA1E5001E962F /* Project object */;
			proxyType = 1;
			remoteGlobalIDString = 2BEBC0D3279DA1E5001E962F;
			remoteInfo = Appsterdam;
		};
/* End PBXContainerItemProxy section */

/* Begin PBXFileReference section */
		2B28424827C908FE00C1E061 /* Launch Screen.storyboard */ = {isa = PBXFileReference; lastKnownFileType = file.storyboard; path = "Launch Screen.storyboard"; sourceTree = "<group>"; };
		2B3AACF027BC2BC400B05797 /* Settings.bundle */ = {isa = PBXFileReference; lastKnownFileType = "wrapper.plug-in"; path = Settings.bundle; sourceTree = "<group>"; };
		2BA33D5C279F29760073BC8B /* PersonModel.swift */ = {isa = PBXFileReference; lastKnownFileType = sourcecode.swift; path = PersonModel.swift; sourceTree = "<group>"; };
		2BA33D6127A07C020073BC8B /* EventView.swift */ = {isa = PBXFileReference; lastKnownFileType = sourcecode.swift; path = EventView.swift; sourceTree = "<group>"; };
		2BA4930E27DCDF7C005237BC /* RefreshModel.swift */ = {isa = PBXFileReference; lastKnownFileType = sourcecode.swift; path = RefreshModel.swift; sourceTree = "<group>"; };
		2BA6B47E27DE0BC000E926F1 /* JobsView.swift */ = {isa = PBXFileReference; lastKnownFileType = sourcecode.swift; path = JobsView.swift; sourceTree = "<group>"; };
		2BB2C61B27A9CDA500F07B96 /* Model.swift */ = {isa = PBXFileReference; lastKnownFileType = sourcecode.swift; path = Model.swift; sourceTree = "<group>"; };
		2BB2C61D27AD63B100F07B96 /* DateConverter.swift */ = {isa = PBXFileReference; lastKnownFileType = sourcecode.swift; path = DateConverter.swift; sourceTree = "<group>"; };
		2BB690F9279DA24E003B4A00 /* AboutView.swift */ = {isa = PBXFileReference; fileEncoding = 4; lastKnownFileType = sourcecode.swift; path = AboutView.swift; sourceTree = "<group>"; };
		2BB690FA279DA24E003B4A00 /* MainView.swift */ = {isa = PBXFileReference; fileEncoding = 4; lastKnownFileType = sourcecode.swift; path = MainView.swift; sourceTree = "<group>"; };
		2BB690FB279DA24E003B4A00 /* Settings.swift */ = {isa = PBXFileReference; fileEncoding = 4; lastKnownFileType = sourcecode.swift; path = Settings.swift; sourceTree = "<group>"; };
		2BB690FC279DA24E003B4A00 /* HomeView.swift */ = {isa = PBXFileReference; fileEncoding = 4; lastKnownFileType = sourcecode.swift; path = HomeView.swift; sourceTree = "<group>"; };
		2BB69109279DA2B4003B4A00 /* EventListView.swift */ = {isa = PBXFileReference; fileEncoding = 4; lastKnownFileType = sourcecode.swift; path = EventListView.swift; sourceTree = "<group>"; };
		2BB6910A279DA2B4003B4A00 /* EventModel.swift */ = {isa = PBXFileReference; fileEncoding = 4; lastKnownFileType = sourcecode.swift; path = EventModel.swift; sourceTree = "<group>"; };
		2BB6910B279DA2B4003B4A00 /* EventCell.swift */ = {isa = PBXFileReference; fileEncoding = 4; lastKnownFileType = sourcecode.swift; path = EventCell.swift; sourceTree = "<group>"; };
		2BCF4CD227ADBBA800094C2B /* Info.plist */ = {isa = PBXFileReference; lastKnownFileType = text.plist; path = Info.plist; sourceTree = "<group>"; };
		2BEBC0D4279DA1E5001E962F /* Appsterdam.app */ = {isa = PBXFileReference; explicitFileType = wrapper.application; includeInIndex = 0; path = Appsterdam.app; sourceTree = BUILT_PRODUCTS_DIR; };
		2BEBC0D7279DA1E5001E962F /* AppsterdamApp.swift */ = {isa = PBXFileReference; lastKnownFileType = sourcecode.swift; path = AppsterdamApp.swift; sourceTree = "<group>"; };
		2BEBC0DB279DA1E6001E962F /* Assets.xcassets */ = {isa = PBXFileReference; lastKnownFileType = folder.assetcatalog; path = Assets.xcassets; sourceTree = "<group>"; };
		2BEBC0DE279DA1E6001E962F /* Preview Assets.xcassets */ = {isa = PBXFileReference; lastKnownFileType = folder.assetcatalog; path = "Preview Assets.xcassets"; sourceTree = "<group>"; };
		2BEBC0E4279DA1E6001E962F /* AppsterdamTests.xctest */ = {isa = PBXFileReference; explicitFileType = wrapper.cfbundle; includeInIndex = 0; path = AppsterdamTests.xctest; sourceTree = BUILT_PRODUCTS_DIR; };
		2BEBC0E8279DA1E6001E962F /* AppsterdamTests.swift */ = {isa = PBXFileReference; lastKnownFileType = sourcecode.swift; path = AppsterdamTests.swift; sourceTree = "<group>"; };
		2BEBC0EE279DA1E6001E962F /* AppsterdamUITests.xctest */ = {isa = PBXFileReference; explicitFileType = wrapper.cfbundle; includeInIndex = 0; path = AppsterdamUITests.xctest; sourceTree = BUILT_PRODUCTS_DIR; };
		2BEBC0F2279DA1E6001E962F /* AppsterdamUITests.swift */ = {isa = PBXFileReference; lastKnownFileType = sourcecode.swift; path = AppsterdamUITests.swift; sourceTree = "<group>"; };
		2BEBC0F4279DA1E6001E962F /* AppsterdamUITestsLaunchTests.swift */ = {isa = PBXFileReference; lastKnownFileType = sourcecode.swift; path = AppsterdamUITestsLaunchTests.swift; sourceTree = "<group>"; };
		2BF60FCA27DD114C002D5DE3 /* Notifications.swift */ = {isa = PBXFileReference; lastKnownFileType = sourcecode.swift; path = Notifications.swift; sourceTree = "<group>"; };
		2BF950CA27E1218300705D61 /* StaffPersonView.swift */ = {isa = PBXFileReference; lastKnownFileType = sourcecode.swift; path = StaffPersonView.swift; sourceTree = "<group>"; };
/* End PBXFileReference section */

/* Begin PBXFrameworksBuildPhase section */
		2BEBC0D1279DA1E5001E962F /* Frameworks */ = {
			isa = PBXFrameworksBuildPhase;
			buildActionMask = 2147483647;
			files = (
				2BB69111279DA314003B4A00 /* Aurora in Frameworks */,
			);
			runOnlyForDeploymentPostprocessing = 0;
		};
		2BEBC0E1279DA1E6001E962F /* Frameworks */ = {
			isa = PBXFrameworksBuildPhase;
			buildActionMask = 2147483647;
			files = (
			);
			runOnlyForDeploymentPostprocessing = 0;
		};
		2BEBC0EB279DA1E6001E962F /* Frameworks */ = {
			isa = PBXFrameworksBuildPhase;
			buildActionMask = 2147483647;
			files = (
			);
			runOnlyForDeploymentPostprocessing = 0;
		};
/* End PBXFrameworksBuildPhase section */

/* Begin PBXGroup section */
		2BA33D5B279F29600073BC8B /* API */ = {
			isa = PBXGroup;
			children = (
				2BA4930E27DCDF7C005237BC /* RefreshModel.swift */,
				2BA33D5C279F29760073BC8B /* PersonModel.swift */,
				2BB6910A279DA2B4003B4A00 /* EventModel.swift */,
				2BB2C61B27A9CDA500F07B96 /* Model.swift */,
			);
			path = API;
			sourceTree = "<group>";
		};
		2BA33D5E279F35350073BC8B /* Helpers */ = {
			isa = PBXGroup;
			children = (
				2BB2C61D27AD63B100F07B96 /* DateConverter.swift */,
				2BF60FCA27DD114C002D5DE3 /* Notifications.swift */,
			);
			path = Helpers;
			sourceTree = "<group>";
		};
		2BB69108279DA292003B4A00 /* Event */ = {
			isa = PBXGroup;
			children = (
				2BB6910B279DA2B4003B4A00 /* EventCell.swift */,
				2BB69109279DA2B4003B4A00 /* EventListView.swift */,
				2BA33D6127A07C020073BC8B /* EventView.swift */,
			);
			path = Event;
			sourceTree = "<group>";
		};
		2BEBC0CB279DA1E5001E962F = {
			isa = PBXGroup;
			children = (
				2BEBC0D6279DA1E5001E962F /* Appsterdam */,
				2BEBC0E7279DA1E6001E962F /* AppsterdamTests */,
				2BEBC0F1279DA1E6001E962F /* AppsterdamUITests */,
				2BEBC0D5279DA1E5001E962F /* Products */,
			);
			sourceTree = "<group>";
		};
		2BEBC0D5279DA1E5001E962F /* Products */ = {
			isa = PBXGroup;
			children = (
				2BEBC0D4279DA1E5001E962F /* Appsterdam.app */,
				2BEBC0E4279DA1E6001E962F /* AppsterdamTests.xctest */,
				2BEBC0EE279DA1E6001E962F /* AppsterdamUITests.xctest */,
			);
			name = Products;
			sourceTree = "<group>";
		};
		2BEBC0D6279DA1E5001E962F /* Appsterdam */ = {
			isa = PBXGroup;
			children = (
				2BCF4CD227ADBBA800094C2B /* Info.plist */,
				2BEBC0D7279DA1E5001E962F /* AppsterdamApp.swift */,
				2BA33D5B279F29600073BC8B /* API */,
				2BB690FC279DA24E003B4A00 /* HomeView.swift */,
				2BA6B47E27DE0BC000E926F1 /* JobsView.swift */,
				2BB690F9279DA24E003B4A00 /* AboutView.swift */,
				2BF950CA27E1218300705D61 /* StaffPersonView.swift */,
				2BA33D5E279F35350073BC8B /* Helpers */,
				2BB69108279DA292003B4A00 /* Event */,
				2BB690FA279DA24E003B4A00 /* MainView.swift */,
				2BB690FB279DA24E003B4A00 /* Settings.swift */,
				2BEBC0DB279DA1E6001E962F /* Assets.xcassets */,
				2BEBC0DD279DA1E6001E962F /* Preview Content */,
				2B3AACF027BC2BC400B05797 /* Settings.bundle */,
				2B28424827C908FE00C1E061 /* Launch Screen.storyboard */,
			);
			path = Appsterdam;
			sourceTree = "<group>";
		};
		2BEBC0DD279DA1E6001E962F /* Preview Content */ = {
			isa = PBXGroup;
			children = (
				2BEBC0DE279DA1E6001E962F /* Preview Assets.xcassets */,
			);
			path = "Preview Content";
			sourceTree = "<group>";
		};
		2BEBC0E7279DA1E6001E962F /* AppsterdamTests */ = {
			isa = PBXGroup;
			children = (
				2BEBC0E8279DA1E6001E962F /* AppsterdamTests.swift */,
			);
			path = AppsterdamTests;
			sourceTree = "<group>";
		};
		2BEBC0F1279DA1E6001E962F /* AppsterdamUITests */ = {
			isa = PBXGroup;
			children = (
				2BEBC0F2279DA1E6001E962F /* AppsterdamUITests.swift */,
				2BEBC0F4279DA1E6001E962F /* AppsterdamUITestsLaunchTests.swift */,
			);
			path = AppsterdamUITests;
			sourceTree = "<group>";
		};
/* End PBXGroup section */

/* Begin PBXNativeTarget section */
		2BEBC0D3279DA1E5001E962F /* Appsterdam */ = {
			isa = PBXNativeTarget;
			buildConfigurationList = 2BEBC0F8279DA1E6001E962F /* Build configuration list for PBXNativeTarget "Appsterdam" */;
			buildPhases = (
				2BEBC0D0279DA1E5001E962F /* Sources */,
				2BEBC0D1279DA1E5001E962F /* Frameworks */,
				2BEBC0D2279DA1E5001E962F /* Resources */,
			);
			buildRules = (
			);
			dependencies = (
			);
			name = Appsterdam;
			packageProductDependencies = (
				2BB69110279DA314003B4A00 /* Aurora */,
			);
			productName = Appsterdam;
			productReference = 2BEBC0D4279DA1E5001E962F /* Appsterdam.app */;
			productType = "com.apple.product-type.application";
		};
		2BEBC0E3279DA1E6001E962F /* AppsterdamTests */ = {
			isa = PBXNativeTarget;
			buildConfigurationList = 2BEBC0FB279DA1E6001E962F /* Build configuration list for PBXNativeTarget "AppsterdamTests" */;
			buildPhases = (
				2BEBC0E0279DA1E6001E962F /* Sources */,
				2BEBC0E1279DA1E6001E962F /* Frameworks */,
				2BEBC0E2279DA1E6001E962F /* Resources */,
			);
			buildRules = (
			);
			dependencies = (
				2BEBC0E6279DA1E6001E962F /* PBXTargetDependency */,
			);
			name = AppsterdamTests;
			productName = AppsterdamTests;
			productReference = 2BEBC0E4279DA1E6001E962F /* AppsterdamTests.xctest */;
			productType = "com.apple.product-type.bundle.unit-test";
		};
		2BEBC0ED279DA1E6001E962F /* AppsterdamUITests */ = {
			isa = PBXNativeTarget;
			buildConfigurationList = 2BEBC0FE279DA1E6001E962F /* Build configuration list for PBXNativeTarget "AppsterdamUITests" */;
			buildPhases = (
				2BEBC0EA279DA1E6001E962F /* Sources */,
				2BEBC0EB279DA1E6001E962F /* Frameworks */,
				2BEBC0EC279DA1E6001E962F /* Resources */,
			);
			buildRules = (
			);
			dependencies = (
				2BEBC0F0279DA1E6001E962F /* PBXTargetDependency */,
			);
			name = AppsterdamUITests;
			productName = AppsterdamUITests;
			productReference = 2BEBC0EE279DA1E6001E962F /* AppsterdamUITests.xctest */;
			productType = "com.apple.product-type.bundle.ui-testing";
		};
/* End PBXNativeTarget section */

/* Begin PBXProject section */
		2BEBC0CC279DA1E5001E962F /* Project object */ = {
			isa = PBXProject;
			attributes = {
				BuildIndependentTargetsInParallel = 1;
				LastSwiftUpdateCheck = 1320;
				LastUpgradeCheck = 1320;
				ORGANIZATIONNAME = "Stichting Appsterdam";
				TargetAttributes = {
					2BEBC0D3279DA1E5001E962F = {
						CreatedOnToolsVersion = 13.2.1;
					};
					2BEBC0E3279DA1E6001E962F = {
						CreatedOnToolsVersion = 13.2.1;
						TestTargetID = 2BEBC0D3279DA1E5001E962F;
					};
					2BEBC0ED279DA1E6001E962F = {
						CreatedOnToolsVersion = 13.2.1;
						TestTargetID = 2BEBC0D3279DA1E5001E962F;
					};
				};
			};
			buildConfigurationList = 2BEBC0CF279DA1E5001E962F /* Build configuration list for PBXProject "Appsterdam" */;
			compatibilityVersion = "Xcode 13.0";
			developmentRegion = en;
			hasScannedForEncodings = 0;
			knownRegions = (
				en,
				Base,
			);
			mainGroup = 2BEBC0CB279DA1E5001E962F;
			packageReferences = (
				2BB6910F279DA314003B4A00 /* XCRemoteSwiftPackageReference "Aurora" */,
			);
			productRefGroup = 2BEBC0D5279DA1E5001E962F /* Products */;
			projectDirPath = "";
			projectRoot = "";
			targets = (
				2BEBC0D3279DA1E5001E962F /* Appsterdam */,
				2BEBC0E3279DA1E6001E962F /* AppsterdamTests */,
				2BEBC0ED279DA1E6001E962F /* AppsterdamUITests */,
			);
		};
/* End PBXProject section */

/* Begin PBXResourcesBuildPhase section */
		2BEBC0D2279DA1E5001E962F /* Resources */ = {
			isa = PBXResourcesBuildPhase;
			buildActionMask = 2147483647;
			files = (
				2BEBC0DF279DA1E6001E962F /* Preview Assets.xcassets in Resources */,
				2B3AACF127BC2BC400B05797 /* Settings.bundle in Resources */,
				2B28424927C908FE00C1E061 /* Launch Screen.storyboard in Resources */,
				2BEBC0DC279DA1E6001E962F /* Assets.xcassets in Resources */,
			);
			runOnlyForDeploymentPostprocessing = 0;
		};
		2BEBC0E2279DA1E6001E962F /* Resources */ = {
			isa = PBXResourcesBuildPhase;
			buildActionMask = 2147483647;
			files = (
			);
			runOnlyForDeploymentPostprocessing = 0;
		};
		2BEBC0EC279DA1E6001E962F /* Resources */ = {
			isa = PBXResourcesBuildPhase;
			buildActionMask = 2147483647;
			files = (
			);
			runOnlyForDeploymentPostprocessing = 0;
		};
/* End PBXResourcesBuildPhase section */

/* Begin PBXSourcesBuildPhase section */
		2BEBC0D0279DA1E5001E962F /* Sources */ = {
			isa = PBXSourcesBuildPhase;
			buildActionMask = 2147483647;
			files = (
				2BB2C61C27A9CDA500F07B96 /* Model.swift in Sources */,
				2BA4930F27DCDF7C005237BC /* RefreshModel.swift in Sources */,
				2BB690FE279DA24E003B4A00 /* MainView.swift in Sources */,
				2BA33D6227A07C020073BC8B /* EventView.swift in Sources */,
				2BA33D5D279F29760073BC8B /* PersonModel.swift in Sources */,
				2BB690FD279DA24E003B4A00 /* AboutView.swift in Sources */,
				2BF950CB27E1218400705D61 /* StaffPersonView.swift in Sources */,
				2BB6910D279DA2B4003B4A00 /* EventModel.swift in Sources */,
				2BB69100279DA24E003B4A00 /* HomeView.swift in Sources */,
				2BF60FCB27DD114D002D5DE3 /* Notifications.swift in Sources */,
				2BB6910E279DA2B4003B4A00 /* EventCell.swift in Sources */,
				2BB6910C279DA2B4003B4A00 /* EventListView.swift in Sources */,
				2BA6B47F27DE0BC000E926F1 /* JobsView.swift in Sources */,
				2BEBC0D8279DA1E5001E962F /* AppsterdamApp.swift in Sources */,
				2BB690FF279DA24E003B4A00 /* Settings.swift in Sources */,
				2BB2C61E27AD63B100F07B96 /* DateConverter.swift in Sources */,
			);
			runOnlyForDeploymentPostprocessing = 0;
		};
		2BEBC0E0279DA1E6001E962F /* Sources */ = {
			isa = PBXSourcesBuildPhase;
			buildActionMask = 2147483647;
			files = (
				2BEBC0E9279DA1E6001E962F /* AppsterdamTests.swift in Sources */,
			);
			runOnlyForDeploymentPostprocessing = 0;
		};
		2BEBC0EA279DA1E6001E962F /* Sources */ = {
			isa = PBXSourcesBuildPhase;
			buildActionMask = 2147483647;
			files = (
				2BEBC0F3279DA1E6001E962F /* AppsterdamUITests.swift in Sources */,
				2BEBC0F5279DA1E6001E962F /* AppsterdamUITestsLaunchTests.swift in Sources */,
			);
			runOnlyForDeploymentPostprocessing = 0;
		};
/* End PBXSourcesBuildPhase section */

/* Begin PBXTargetDependency section */
		2BEBC0E6279DA1E6001E962F /* PBXTargetDependency */ = {
			isa = PBXTargetDependency;
			target = 2BEBC0D3279DA1E5001E962F /* Appsterdam */;
			targetProxy = 2BEBC0E5279DA1E6001E962F /* PBXContainerItemProxy */;
		};
		2BEBC0F0279DA1E6001E962F /* PBXTargetDependency */ = {
			isa = PBXTargetDependency;
			target = 2BEBC0D3279DA1E5001E962F /* Appsterdam */;
			targetProxy = 2BEBC0EF279DA1E6001E962F /* PBXContainerItemProxy */;
		};
/* End PBXTargetDependency section */

/* Begin XCBuildConfiguration section */
		2BEBC0F6279DA1E6001E962F /* Debug */ = {
			isa = XCBuildConfiguration;
			buildSettings = {
				ALWAYS_SEARCH_USER_PATHS = NO;
				CLANG_ANALYZER_NONNULL = YES;
				CLANG_ANALYZER_NUMBER_OBJECT_CONVERSION = YES_AGGRESSIVE;
				CLANG_CXX_LANGUAGE_STANDARD = "gnu++17";
				CLANG_CXX_LIBRARY = "libc++";
				CLANG_ENABLE_MODULES = YES;
				CLANG_ENABLE_OBJC_ARC = YES;
				CLANG_ENABLE_OBJC_WEAK = YES;
				CLANG_WARN_BLOCK_CAPTURE_AUTORELEASING = YES;
				CLANG_WARN_BOOL_CONVERSION = YES;
				CLANG_WARN_COMMA = YES;
				CLANG_WARN_CONSTANT_CONVERSION = YES;
				CLANG_WARN_DEPRECATED_OBJC_IMPLEMENTATIONS = YES;
				CLANG_WARN_DIRECT_OBJC_ISA_USAGE = YES_ERROR;
				CLANG_WARN_DOCUMENTATION_COMMENTS = YES;
				CLANG_WARN_EMPTY_BODY = YES;
				CLANG_WARN_ENUM_CONVERSION = YES;
				CLANG_WARN_INFINITE_RECURSION = YES;
				CLANG_WARN_INT_CONVERSION = YES;
				CLANG_WARN_NON_LITERAL_NULL_CONVERSION = YES;
				CLANG_WARN_OBJC_IMPLICIT_RETAIN_SELF = YES;
				CLANG_WARN_OBJC_LITERAL_CONVERSION = YES;
				CLANG_WARN_OBJC_ROOT_CLASS = YES_ERROR;
				CLANG_WARN_QUOTED_INCLUDE_IN_FRAMEWORK_HEADER = YES;
				CLANG_WARN_RANGE_LOOP_ANALYSIS = YES;
				CLANG_WARN_STRICT_PROTOTYPES = YES;
				CLANG_WARN_SUSPICIOUS_MOVE = YES;
				CLANG_WARN_UNGUARDED_AVAILABILITY = YES_AGGRESSIVE;
				CLANG_WARN_UNREACHABLE_CODE = YES;
				CLANG_WARN__DUPLICATE_METHOD_MATCH = YES;
				COPY_PHASE_STRIP = NO;
				DEBUG_INFORMATION_FORMAT = dwarf;
				ENABLE_STRICT_OBJC_MSGSEND = YES;
				ENABLE_TESTABILITY = YES;
				GCC_C_LANGUAGE_STANDARD = gnu11;
				GCC_DYNAMIC_NO_PIC = NO;
				GCC_NO_COMMON_BLOCKS = YES;
				GCC_OPTIMIZATION_LEVEL = 0;
				GCC_PREPROCESSOR_DEFINITIONS = (
					"DEBUG=1",
					"$(inherited)",
				);
				GCC_WARN_64_TO_32_BIT_CONVERSION = YES;
				GCC_WARN_ABOUT_RETURN_TYPE = YES_ERROR;
				GCC_WARN_UNDECLARED_SELECTOR = YES;
				GCC_WARN_UNINITIALIZED_AUTOS = YES_AGGRESSIVE;
				GCC_WARN_UNUSED_FUNCTION = YES;
				GCC_WARN_UNUSED_VARIABLE = YES;
				INFOPLIST_KEY_UILaunchStoryboardName = "Launch Screen.storyboard";
				IPHONEOS_DEPLOYMENT_TARGET = 14.0;
				MTL_ENABLE_DEBUG_INFO = INCLUDE_SOURCE;
				MTL_FAST_MATH = YES;
				ONLY_ACTIVE_ARCH = YES;
				SDKROOT = iphoneos;
				SWIFT_ACTIVE_COMPILATION_CONDITIONS = DEBUG;
				SWIFT_OPTIMIZATION_LEVEL = "-Onone";
			};
			name = Debug;
		};
		2BEBC0F7279DA1E6001E962F /* Release */ = {
			isa = XCBuildConfiguration;
			buildSettings = {
				ALWAYS_SEARCH_USER_PATHS = NO;
				CLANG_ANALYZER_NONNULL = YES;
				CLANG_ANALYZER_NUMBER_OBJECT_CONVERSION = YES_AGGRESSIVE;
				CLANG_CXX_LANGUAGE_STANDARD = "gnu++17";
				CLANG_CXX_LIBRARY = "libc++";
				CLANG_ENABLE_MODULES = YES;
				CLANG_ENABLE_OBJC_ARC = YES;
				CLANG_ENABLE_OBJC_WEAK = YES;
				CLANG_WARN_BLOCK_CAPTURE_AUTORELEASING = YES;
				CLANG_WARN_BOOL_CONVERSION = YES;
				CLANG_WARN_COMMA = YES;
				CLANG_WARN_CONSTANT_CONVERSION = YES;
				CLANG_WARN_DEPRECATED_OBJC_IMPLEMENTATIONS = YES;
				CLANG_WARN_DIRECT_OBJC_ISA_USAGE = YES_ERROR;
				CLANG_WARN_DOCUMENTATION_COMMENTS = YES;
				CLANG_WARN_EMPTY_BODY = YES;
				CLANG_WARN_ENUM_CONVERSION = YES;
				CLANG_WARN_INFINITE_RECURSION = YES;
				CLANG_WARN_INT_CONVERSION = YES;
				CLANG_WARN_NON_LITERAL_NULL_CONVERSION = YES;
				CLANG_WARN_OBJC_IMPLICIT_RETAIN_SELF = YES;
				CLANG_WARN_OBJC_LITERAL_CONVERSION = YES;
				CLANG_WARN_OBJC_ROOT_CLASS = YES_ERROR;
				CLANG_WARN_QUOTED_INCLUDE_IN_FRAMEWORK_HEADER = YES;
				CLANG_WARN_RANGE_LOOP_ANALYSIS = YES;
				CLANG_WARN_STRICT_PROTOTYPES = YES;
				CLANG_WARN_SUSPICIOUS_MOVE = YES;
				CLANG_WARN_UNGUARDED_AVAILABILITY = YES_AGGRESSIVE;
				CLANG_WARN_UNREACHABLE_CODE = YES;
				CLANG_WARN__DUPLICATE_METHOD_MATCH = YES;
				COPY_PHASE_STRIP = NO;
				DEBUG_INFORMATION_FORMAT = "dwarf-with-dsym";
				ENABLE_NS_ASSERTIONS = NO;
				ENABLE_STRICT_OBJC_MSGSEND = YES;
				GCC_C_LANGUAGE_STANDARD = gnu11;
				GCC_NO_COMMON_BLOCKS = YES;
				GCC_WARN_64_TO_32_BIT_CONVERSION = YES;
				GCC_WARN_ABOUT_RETURN_TYPE = YES_ERROR;
				GCC_WARN_UNDECLARED_SELECTOR = YES;
				GCC_WARN_UNINITIALIZED_AUTOS = YES_AGGRESSIVE;
				GCC_WARN_UNUSED_FUNCTION = YES;
				GCC_WARN_UNUSED_VARIABLE = YES;
				INFOPLIST_KEY_UILaunchStoryboardName = "Launch Screen.storyboard";
				IPHONEOS_DEPLOYMENT_TARGET = 14.0;
				MTL_ENABLE_DEBUG_INFO = NO;
				MTL_FAST_MATH = YES;
				SDKROOT = iphoneos;
				SWIFT_COMPILATION_MODE = wholemodule;
				SWIFT_OPTIMIZATION_LEVEL = "-O";
				VALIDATE_PRODUCT = YES;
			};
			name = Release;
		};
		2BEBC0F9279DA1E6001E962F /* Debug */ = {
			isa = XCBuildConfiguration;
			buildSettings = {
				ASSETCATALOG_COMPILER_APPICON_NAME = AppIcon;
				ASSETCATALOG_COMPILER_GLOBAL_ACCENT_COLOR_NAME = AccentColor;
				CODE_SIGN_STYLE = Automatic;
				CURRENT_PROJECT_VERSION = 1;
				DEVELOPMENT_ASSET_PATHS = "\"Appsterdam/Preview Content\"";
				DEVELOPMENT_TEAM = 4V2D72S45C;
				ENABLE_PREVIEWS = YES;
				GENERATE_INFOPLIST_FILE = YES;
				INFOPLIST_FILE = Appsterdam/Info.plist;
				INFOPLIST_KEY_UIApplicationSceneManifest_Generation = YES;
				INFOPLIST_KEY_UIApplicationSupportsIndirectInputEvents = YES;
				INFOPLIST_KEY_UILaunchScreen_Generation = YES;
				INFOPLIST_KEY_UILaunchStoryboardName = "Launch Screen.storyboard";
				INFOPLIST_KEY_UISupportedInterfaceOrientations_iPad = "UIInterfaceOrientationPortrait UIInterfaceOrientationPortraitUpsideDown UIInterfaceOrientationLandscapeLeft UIInterfaceOrientationLandscapeRight";
				INFOPLIST_KEY_UISupportedInterfaceOrientations_iPhone = "UIInterfaceOrientationPortrait UIInterfaceOrientationLandscapeLeft UIInterfaceOrientationLandscapeRight";
				LD_RUNPATH_SEARCH_PATHS = (
					"$(inherited)",
					"@executable_path/Frameworks",
				);
				MARKETING_VERSION = 1.1;
				PRODUCT_BUNDLE_IDENTIFIER = rs.appsterdam.app;
				PRODUCT_NAME = "$(TARGET_NAME)";
				SWIFT_EMIT_LOC_STRINGS = YES;
				SWIFT_VERSION = 5.0;
				TARGETED_DEVICE_FAMILY = "1,2";
			};
			name = Debug;
		};
		2BEBC0FA279DA1E6001E962F /* Release */ = {
			isa = XCBuildConfiguration;
			buildSettings = {
				ASSETCATALOG_COMPILER_APPICON_NAME = AppIcon;
				ASSETCATALOG_COMPILER_GLOBAL_ACCENT_COLOR_NAME = AccentColor;
				CODE_SIGN_STYLE = Automatic;
				CURRENT_PROJECT_VERSION = 1;
				DEVELOPMENT_ASSET_PATHS = "\"Appsterdam/Preview Content\"";
				DEVELOPMENT_TEAM = 4V2D72S45C;
				ENABLE_PREVIEWS = YES;
				GENERATE_INFOPLIST_FILE = YES;
				INFOPLIST_FILE = Appsterdam/Info.plist;
				INFOPLIST_KEY_UIApplicationSceneManifest_Generation = YES;
				INFOPLIST_KEY_UIApplicationSupportsIndirectInputEvents = YES;
				INFOPLIST_KEY_UILaunchScreen_Generation = YES;
				INFOPLIST_KEY_UILaunchStoryboardName = "Launch Screen.storyboard";
				INFOPLIST_KEY_UISupportedInterfaceOrientations_iPad = "UIInterfaceOrientationPortrait UIInterfaceOrientationPortraitUpsideDown UIInterfaceOrientationLandscapeLeft UIInterfaceOrientationLandscapeRight";
				INFOPLIST_KEY_UISupportedInterfaceOrientations_iPhone = "UIInterfaceOrientationPortrait UIInterfaceOrientationLandscapeLeft UIInterfaceOrientationLandscapeRight";
				LD_RUNPATH_SEARCH_PATHS = (
					"$(inherited)",
					"@executable_path/Frameworks",
				);
				MARKETING_VERSION = 1.1;
				PRODUCT_BUNDLE_IDENTIFIER = rs.appsterdam.app;
				PRODUCT_NAME = "$(TARGET_NAME)";
				SWIFT_EMIT_LOC_STRINGS = YES;
				SWIFT_VERSION = 5.0;
				TARGETED_DEVICE_FAMILY = "1,2";
			};
			name = Release;
		};
		2BEBC0FC279DA1E6001E962F /* Debug */ = {
			isa = XCBuildConfiguration;
			buildSettings = {
				ALWAYS_EMBED_SWIFT_STANDARD_LIBRARIES = YES;
				BUNDLE_LOADER = "$(TEST_HOST)";
				CODE_SIGN_STYLE = Automatic;
				CURRENT_PROJECT_VERSION = 1;
				DEVELOPMENT_TEAM = 4V2D72S45C;
				GENERATE_INFOPLIST_FILE = YES;
				IPHONEOS_DEPLOYMENT_TARGET = 15.2;
				MARKETING_VERSION = 1.0;
				PRODUCT_BUNDLE_IDENTIFIER = rs.Appsterdam.AppsterdamTests;
				PRODUCT_NAME = "$(TARGET_NAME)";
				SWIFT_EMIT_LOC_STRINGS = NO;
				SWIFT_VERSION = 5.0;
				TARGETED_DEVICE_FAMILY = "1,2";
				TEST_HOST = "$(BUILT_PRODUCTS_DIR)/Appsterdam.app/Appsterdam";
			};
			name = Debug;
		};
		2BEBC0FD279DA1E6001E962F /* Release */ = {
			isa = XCBuildConfiguration;
			buildSettings = {
				ALWAYS_EMBED_SWIFT_STANDARD_LIBRARIES = YES;
				BUNDLE_LOADER = "$(TEST_HOST)";
				CODE_SIGN_STYLE = Automatic;
				CURRENT_PROJECT_VERSION = 1;
				DEVELOPMENT_TEAM = 4V2D72S45C;
				GENERATE_INFOPLIST_FILE = YES;
				IPHONEOS_DEPLOYMENT_TARGET = 15.2;
				MARKETING_VERSION = 1.0;
				PRODUCT_BUNDLE_IDENTIFIER = rs.Appsterdam.AppsterdamTests;
				PRODUCT_NAME = "$(TARGET_NAME)";
				SWIFT_EMIT_LOC_STRINGS = NO;
				SWIFT_VERSION = 5.0;
				TARGETED_DEVICE_FAMILY = "1,2";
				TEST_HOST = "$(BUILT_PRODUCTS_DIR)/Appsterdam.app/Appsterdam";
			};
			name = Release;
		};
		2BEBC0FF279DA1E6001E962F /* Debug */ = {
			isa = XCBuildConfiguration;
			buildSettings = {
				ALWAYS_EMBED_SWIFT_STANDARD_LIBRARIES = YES;
				CODE_SIGN_STYLE = Automatic;
				CURRENT_PROJECT_VERSION = 1;
				DEVELOPMENT_TEAM = 4V2D72S45C;
				GENERATE_INFOPLIST_FILE = YES;
				MARKETING_VERSION = 1.0;
				PRODUCT_BUNDLE_IDENTIFIER = rs.Appsterdam.AppsterdamUITests;
				PRODUCT_NAME = "$(TARGET_NAME)";
				SWIFT_EMIT_LOC_STRINGS = NO;
				SWIFT_VERSION = 5.0;
				TARGETED_DEVICE_FAMILY = "1,2";
				TEST_TARGET_NAME = Appsterdam;
			};
			name = Debug;
		};
		2BEBC100279DA1E6001E962F /* Release */ = {
			isa = XCBuildConfiguration;
			buildSettings = {
				ALWAYS_EMBED_SWIFT_STANDARD_LIBRARIES = YES;
				CODE_SIGN_STYLE = Automatic;
				CURRENT_PROJECT_VERSION = 1;
				DEVELOPMENT_TEAM = 4V2D72S45C;
				GENERATE_INFOPLIST_FILE = YES;
				MARKETING_VERSION = 1.0;
				PRODUCT_BUNDLE_IDENTIFIER = rs.Appsterdam.AppsterdamUITests;
				PRODUCT_NAME = "$(TARGET_NAME)";
				SWIFT_EMIT_LOC_STRINGS = NO;
				SWIFT_VERSION = 5.0;
				TARGETED_DEVICE_FAMILY = "1,2";
				TEST_TARGET_NAME = Appsterdam;
			};
			name = Release;
		};
/* End XCBuildConfiguration section */

/* Begin XCConfigurationList section */
		2BEBC0CF279DA1E5001E962F /* Build configuration list for PBXProject "Appsterdam" */ = {
			isa = XCConfigurationList;
			buildConfigurations = (
				2BEBC0F6279DA1E6001E962F /* Debug */,
				2BEBC0F7279DA1E6001E962F /* Release */,
			);
			defaultConfigurationIsVisible = 0;
			defaultConfigurationName = Release;
		};
		2BEBC0F8279DA1E6001E962F /* Build configuration list for PBXNativeTarget "Appsterdam" */ = {
			isa = XCConfigurationList;
			buildConfigurations = (
				2BEBC0F9279DA1E6001E962F /* Debug */,
				2BEBC0FA279DA1E6001E962F /* Release */,
			);
			defaultConfigurationIsVisible = 0;
			defaultConfigurationName = Release;
		};
		2BEBC0FB279DA1E6001E962F /* Build configuration list for PBXNativeTarget "AppsterdamTests" */ = {
			isa = XCConfigurationList;
			buildConfigurations = (
				2BEBC0FC279DA1E6001E962F /* Debug */,
				2BEBC0FD279DA1E6001E962F /* Release */,
			);
			defaultConfigurationIsVisible = 0;
			defaultConfigurationName = Release;
		};
		2BEBC0FE279DA1E6001E962F /* Build configuration list for PBXNativeTarget "AppsterdamUITests" */ = {
			isa = XCConfigurationList;
			buildConfigurations = (
				2BEBC0FF279DA1E6001E962F /* Debug */,
				2BEBC100279DA1E6001E962F /* Release */,
			);
			defaultConfigurationIsVisible = 0;
			defaultConfigurationName = Release;
		};
/* End XCConfigurationList section */

/* Begin XCRemoteSwiftPackageReference section */
		2BB6910F279DA314003B4A00 /* XCRemoteSwiftPackageReference "Aurora" */ = {
			isa = XCRemoteSwiftPackageReference;
			repositoryURL = "https://github.com/AuroraFramework/Aurora.swift";
			requirement = {
				branch = master;
				kind = branch;
			};
		};
/* End XCRemoteSwiftPackageReference section */

/* Begin XCSwiftPackageProductDependency section */
		2BB69110279DA314003B4A00 /* Aurora */ = {
			isa = XCSwiftPackageProductDependency;
			package = 2BB6910F279DA314003B4A00 /* XCRemoteSwiftPackageReference "Aurora" */;
			productName = Aurora;
		};
/* End XCSwiftPackageProductDependency section */
	};
	rootObject = 2BEBC0CC279DA1E5001E962F /* Project object */;
}
