// !$*UTF8*$!
{
	archiveVersion = 1;
	classes = {
	};
	objectVersion = 55;
	objects = {

/* Begin PBXBuildFile section */
		2B1F7E19279C09DC000B163A /* SwiftUI.framework in Frameworks */ = {isa = PBXBuildFile; fileRef = 2B1F7E18279C09DC000B163A /* SwiftUI.framework */; };
		2B1F7E1C279C18E4000B163A /* AboutView.swift in Sources */ = {isa = PBXBuildFile; fileRef = 2B1F7E1B279C18E4000B163A /* AboutView.swift */; };
		2B1F7E1E279C1968000B163A /* HomeView.swift in Sources */ = {isa = PBXBuildFile; fileRef = 2B1F7E1D279C1968000B163A /* HomeView.swift */; };
		2B1F7E20279C1D5F000B163A /* MainView.swift in Sources */ = {isa = PBXBuildFile; fileRef = 2B1F7E1F279C1D5F000B163A /* MainView.swift */; };
		2B1F7E22279C1DEF000B163A /* EventView.swift in Sources */ = {isa = PBXBuildFile; fileRef = 2B1F7E21279C1DEF000B163A /* EventView.swift */; };
		2BE69E8A279AF0190024D241 /* AppDelegate.swift in Sources */ = {isa = PBXBuildFile; fileRef = 2BE69E89279AF0190024D241 /* AppDelegate.swift */; };
		2BE69E8C279AF0190024D241 /* SceneDelegate.swift in Sources */ = {isa = PBXBuildFile; fileRef = 2BE69E8B279AF0190024D241 /* SceneDelegate.swift */; };
		2BE69E8E279AF0190024D241 /* HomeViewController.swift in Sources */ = {isa = PBXBuildFile; fileRef = 2BE69E8D279AF0190024D241 /* HomeViewController.swift */; };
		2BE69E91279AF0190024D241 /* Main.storyboard in Resources */ = {isa = PBXBuildFile; fileRef = 2BE69E8F279AF0190024D241 /* Main.storyboard */; };
		2BE69E93279AF01B0024D241 /* Assets.xcassets in Resources */ = {isa = PBXBuildFile; fileRef = 2BE69E92279AF01B0024D241 /* Assets.xcassets */; };
		2BE69E96279AF01B0024D241 /* LaunchScreen.storyboard in Resources */ = {isa = PBXBuildFile; fileRef = 2BE69E94279AF01B0024D241 /* LaunchScreen.storyboard */; };
		2BE69EA1279AF01B0024D241 /* AppsterdamTests.swift in Sources */ = {isa = PBXBuildFile; fileRef = 2BE69EA0279AF01B0024D241 /* AppsterdamTests.swift */; };
		2BE69EAB279AF01B0024D241 /* AppsterdamUITests.swift in Sources */ = {isa = PBXBuildFile; fileRef = 2BE69EAA279AF01B0024D241 /* AppsterdamUITests.swift */; };
		2BE69EAD279AF01B0024D241 /* AppsterdamUITestsLaunchTests.swift in Sources */ = {isa = PBXBuildFile; fileRef = 2BE69EAC279AF01B0024D241 /* AppsterdamUITestsLaunchTests.swift */; };
		2BE69EBB279AF0770024D241 /* Aurora in Frameworks */ = {isa = PBXBuildFile; productRef = 2BE69EBA279AF0770024D241 /* Aurora */; };
		2BE69EBD279AF0C50024D241 /* EventViewController.swift in Sources */ = {isa = PBXBuildFile; fileRef = 2BE69EBC279AF0C50024D241 /* EventViewController.swift */; };
		2BE69EBF279AF0DA0024D241 /* AboutViewController.swift in Sources */ = {isa = PBXBuildFile; fileRef = 2BE69EBE279AF0DA0024D241 /* AboutViewController.swift */; };
		2BE69EC1279B00FE0024D241 /* Settings.swift in Sources */ = {isa = PBXBuildFile; fileRef = 2BE69EC0279B00FE0024D241 /* Settings.swift */; };
/* End PBXBuildFile section */

/* Begin PBXContainerItemProxy section */
		2BE69E9D279AF01B0024D241 /* PBXContainerItemProxy */ = {
			isa = PBXContainerItemProxy;
			containerPortal = 2BE69E7E279AF0190024D241 /* Project object */;
			proxyType = 1;
			remoteGlobalIDString = 2BE69E85279AF0190024D241;
			remoteInfo = Appsterdam;
		};
		2BE69EA7279AF01B0024D241 /* PBXContainerItemProxy */ = {
			isa = PBXContainerItemProxy;
			containerPortal = 2BE69E7E279AF0190024D241 /* Project object */;
			proxyType = 1;
			remoteGlobalIDString = 2BE69E85279AF0190024D241;
			remoteInfo = Appsterdam;
		};
/* End PBXContainerItemProxy section */

/* Begin PBXFileReference section */
		2B1F7E18279C09DC000B163A /* SwiftUI.framework */ = {isa = PBXFileReference; lastKnownFileType = wrapper.framework; name = SwiftUI.framework; path = System/Library/Frameworks/SwiftUI.framework; sourceTree = SDKROOT; };
		2B1F7E1B279C18E4000B163A /* AboutView.swift */ = {isa = PBXFileReference; lastKnownFileType = sourcecode.swift; path = AboutView.swift; sourceTree = "<group>"; };
		2B1F7E1D279C1968000B163A /* HomeView.swift */ = {isa = PBXFileReference; lastKnownFileType = sourcecode.swift; path = HomeView.swift; sourceTree = "<group>"; };
		2B1F7E1F279C1D5F000B163A /* MainView.swift */ = {isa = PBXFileReference; lastKnownFileType = sourcecode.swift; path = MainView.swift; sourceTree = "<group>"; };
		2B1F7E21279C1DEF000B163A /* EventView.swift */ = {isa = PBXFileReference; lastKnownFileType = sourcecode.swift; path = EventView.swift; sourceTree = "<group>"; };
		2B1F7E3C279C1F40000B163A /* Appsterdam copy-Info.plist */ = {isa = PBXFileReference; lastKnownFileType = text.plist.xml; name = "Appsterdam copy-Info.plist"; path = "/Users/wesley/Cloud/Apps/iOS/Appsterdam/Appsterdam copy-Info.plist"; sourceTree = "<absolute>"; };
		2BE69E86279AF0190024D241 /* Appsterdam.app */ = {isa = PBXFileReference; explicitFileType = wrapper.application; includeInIndex = 0; path = Appsterdam.app; sourceTree = BUILT_PRODUCTS_DIR; };
		2BE69E89279AF0190024D241 /* AppDelegate.swift */ = {isa = PBXFileReference; lastKnownFileType = sourcecode.swift; path = AppDelegate.swift; sourceTree = "<group>"; };
		2BE69E8B279AF0190024D241 /* SceneDelegate.swift */ = {isa = PBXFileReference; lastKnownFileType = sourcecode.swift; path = SceneDelegate.swift; sourceTree = "<group>"; };
		2BE69E8D279AF0190024D241 /* HomeViewController.swift */ = {isa = PBXFileReference; lastKnownFileType = sourcecode.swift; path = HomeViewController.swift; sourceTree = "<group>"; };
		2BE69E90279AF0190024D241 /* Base */ = {isa = PBXFileReference; lastKnownFileType = file.storyboard; name = Base; path = Base.lproj/Main.storyboard; sourceTree = "<group>"; };
		2BE69E92279AF01B0024D241 /* Assets.xcassets */ = {isa = PBXFileReference; lastKnownFileType = folder.assetcatalog; path = Assets.xcassets; sourceTree = "<group>"; };
		2BE69E95279AF01B0024D241 /* Base */ = {isa = PBXFileReference; lastKnownFileType = file.storyboard; name = Base; path = Base.lproj/LaunchScreen.storyboard; sourceTree = "<group>"; };
		2BE69E97279AF01B0024D241 /* Info.plist */ = {isa = PBXFileReference; lastKnownFileType = text.plist.xml; path = Info.plist; sourceTree = "<group>"; };
		2BE69E9C279AF01B0024D241 /* AppsterdamTests.xctest */ = {isa = PBXFileReference; explicitFileType = wrapper.cfbundle; includeInIndex = 0; path = AppsterdamTests.xctest; sourceTree = BUILT_PRODUCTS_DIR; };
		2BE69EA0279AF01B0024D241 /* AppsterdamTests.swift */ = {isa = PBXFileReference; lastKnownFileType = sourcecode.swift; path = AppsterdamTests.swift; sourceTree = "<group>"; };
		2BE69EA6279AF01B0024D241 /* AppsterdamUITests.xctest */ = {isa = PBXFileReference; explicitFileType = wrapper.cfbundle; includeInIndex = 0; path = AppsterdamUITests.xctest; sourceTree = BUILT_PRODUCTS_DIR; };
		2BE69EAA279AF01B0024D241 /* AppsterdamUITests.swift */ = {isa = PBXFileReference; lastKnownFileType = sourcecode.swift; path = AppsterdamUITests.swift; sourceTree = "<group>"; };
		2BE69EAC279AF01B0024D241 /* AppsterdamUITestsLaunchTests.swift */ = {isa = PBXFileReference; lastKnownFileType = sourcecode.swift; path = AppsterdamUITestsLaunchTests.swift; sourceTree = "<group>"; };
		2BE69EBC279AF0C50024D241 /* EventViewController.swift */ = {isa = PBXFileReference; lastKnownFileType = sourcecode.swift; path = EventViewController.swift; sourceTree = "<group>"; };
		2BE69EBE279AF0DA0024D241 /* AboutViewController.swift */ = {isa = PBXFileReference; lastKnownFileType = sourcecode.swift; path = AboutViewController.swift; sourceTree = "<group>"; };
		2BE69EC0279B00FE0024D241 /* Settings.swift */ = {isa = PBXFileReference; lastKnownFileType = sourcecode.swift; path = Settings.swift; sourceTree = "<group>"; };
/* End PBXFileReference section */

/* Begin PBXFrameworksBuildPhase section */
		2BE69E83279AF0190024D241 /* Frameworks */ = {
			isa = PBXFrameworksBuildPhase;
			buildActionMask = 2147483647;
			files = (
				2B1F7E19279C09DC000B163A /* SwiftUI.framework in Frameworks */,
				2BE69EBB279AF0770024D241 /* Aurora in Frameworks */,
			);
			runOnlyForDeploymentPostprocessing = 0;
		};
		2BE69E99279AF01B0024D241 /* Frameworks */ = {
			isa = PBXFrameworksBuildPhase;
			buildActionMask = 2147483647;
			files = (
			);
			runOnlyForDeploymentPostprocessing = 0;
		};
		2BE69EA3279AF01B0024D241 /* Frameworks */ = {
			isa = PBXFrameworksBuildPhase;
			buildActionMask = 2147483647;
			files = (
			);
			runOnlyForDeploymentPostprocessing = 0;
		};
/* End PBXFrameworksBuildPhase section */

/* Begin PBXGroup section */
		2B1F7E17279C09DC000B163A /* Frameworks */ = {
			isa = PBXGroup;
			children = (
				2B1F7E18279C09DC000B163A /* SwiftUI.framework */,
			);
			name = Frameworks;
			sourceTree = "<group>";
		};
		2B1F7E1A279C18BF000B163A /* SwiftUI VC */ = {
			isa = PBXGroup;
			children = (
				2B1F7E1B279C18E4000B163A /* AboutView.swift */,
				2B1F7E1D279C1968000B163A /* HomeView.swift */,
				2B1F7E21279C1DEF000B163A /* EventView.swift */,
			);
			path = "SwiftUI VC";
			sourceTree = "<group>";
		};
		2BE69E7D279AF0190024D241 = {
			isa = PBXGroup;
			children = (
				2BE69E88279AF0190024D241 /* Appsterdam */,
				2BE69E9F279AF01B0024D241 /* AppsterdamTests */,
				2BE69EA9279AF01B0024D241 /* AppsterdamUITests */,
				2BE69E87279AF0190024D241 /* Products */,
				2B1F7E17279C09DC000B163A /* Frameworks */,
				2B1F7E3C279C1F40000B163A /* Appsterdam copy-Info.plist */,
			);
			sourceTree = "<group>";
		};
		2BE69E87279AF0190024D241 /* Products */ = {
			isa = PBXGroup;
			children = (
				2BE69E86279AF0190024D241 /* Appsterdam.app */,
				2BE69E9C279AF01B0024D241 /* AppsterdamTests.xctest */,
				2BE69EA6279AF01B0024D241 /* AppsterdamUITests.xctest */,
			);
			name = Products;
			sourceTree = "<group>";
		};
		2BE69E88279AF0190024D241 /* Appsterdam */ = {
			isa = PBXGroup;
			children = (
				2BE69E89279AF0190024D241 /* AppDelegate.swift */,
				2B1F7E1F279C1D5F000B163A /* MainView.swift */,
				2BE69E8B279AF0190024D241 /* SceneDelegate.swift */,
				2BE69EC0279B00FE0024D241 /* Settings.swift */,
				2BE69EC2279B03740024D241 /* View Controllers */,
				2BE69E8F279AF0190024D241 /* Main.storyboard */,
				2B1F7E1A279C18BF000B163A /* SwiftUI VC */,
				2BE69E92279AF01B0024D241 /* Assets.xcassets */,
				2BE69E94279AF01B0024D241 /* LaunchScreen.storyboard */,
				2BE69E97279AF01B0024D241 /* Info.plist */,
			);
			path = Appsterdam;
			sourceTree = "<group>";
		};
		2BE69E9F279AF01B0024D241 /* AppsterdamTests */ = {
			isa = PBXGroup;
			children = (
				2BE69EA0279AF01B0024D241 /* AppsterdamTests.swift */,
			);
			path = AppsterdamTests;
			sourceTree = "<group>";
		};
		2BE69EA9279AF01B0024D241 /* AppsterdamUITests */ = {
			isa = PBXGroup;
			children = (
				2BE69EAA279AF01B0024D241 /* AppsterdamUITests.swift */,
				2BE69EAC279AF01B0024D241 /* AppsterdamUITestsLaunchTests.swift */,
			);
			path = AppsterdamUITests;
			sourceTree = "<group>";
		};
		2BE69EC2279B03740024D241 /* View Controllers */ = {
			isa = PBXGroup;
			children = (
				2BE69E8D279AF0190024D241 /* HomeViewController.swift */,
				2BE69EBC279AF0C50024D241 /* EventViewController.swift */,
				2BE69EBE279AF0DA0024D241 /* AboutViewController.swift */,
			);
			path = "View Controllers";
			sourceTree = "<group>";
		};
/* End PBXGroup section */

/* Begin PBXNativeTarget section */
		2BE69E85279AF0190024D241 /* Appsterdam */ = {
			isa = PBXNativeTarget;
			buildConfigurationList = 2BE69EB0279AF01B0024D241 /* Build configuration list for PBXNativeTarget "Appsterdam" */;
			buildPhases = (
				2BE69E82279AF0190024D241 /* Sources */,
				2BE69E83279AF0190024D241 /* Frameworks */,
				2BE69E84279AF0190024D241 /* Resources */,
			);
			buildRules = (
			);
			dependencies = (
			);
			name = Appsterdam;
			packageProductDependencies = (
				2BE69EBA279AF0770024D241 /* Aurora */,
			);
			productName = Appsterdam;
			productReference = 2BE69E86279AF0190024D241 /* Appsterdam.app */;
			productType = "com.apple.product-type.application";
		};
		2BE69E9B279AF01B0024D241 /* AppsterdamTests */ = {
			isa = PBXNativeTarget;
			buildConfigurationList = 2BE69EB3279AF01B0024D241 /* Build configuration list for PBXNativeTarget "AppsterdamTests" */;
			buildPhases = (
				2BE69E98279AF01B0024D241 /* Sources */,
				2BE69E99279AF01B0024D241 /* Frameworks */,
				2BE69E9A279AF01B0024D241 /* Resources */,
			);
			buildRules = (
			);
			dependencies = (
				2BE69E9E279AF01B0024D241 /* PBXTargetDependency */,
			);
			name = AppsterdamTests;
			productName = AppsterdamTests;
			productReference = 2BE69E9C279AF01B0024D241 /* AppsterdamTests.xctest */;
			productType = "com.apple.product-type.bundle.unit-test";
		};
		2BE69EA5279AF01B0024D241 /* AppsterdamUITests */ = {
			isa = PBXNativeTarget;
			buildConfigurationList = 2BE69EB6279AF01B0024D241 /* Build configuration list for PBXNativeTarget "AppsterdamUITests" */;
			buildPhases = (
				2BE69EA2279AF01B0024D241 /* Sources */,
				2BE69EA3279AF01B0024D241 /* Frameworks */,
				2BE69EA4279AF01B0024D241 /* Resources */,
			);
			buildRules = (
			);
			dependencies = (
				2BE69EA8279AF01B0024D241 /* PBXTargetDependency */,
			);
			name = AppsterdamUITests;
			productName = AppsterdamUITests;
			productReference = 2BE69EA6279AF01B0024D241 /* AppsterdamUITests.xctest */;
			productType = "com.apple.product-type.bundle.ui-testing";
		};
/* End PBXNativeTarget section */

/* Begin PBXProject section */
		2BE69E7E279AF0190024D241 /* Project object */ = {
			isa = PBXProject;
			attributes = {
				BuildIndependentTargetsInParallel = 1;
				LastSwiftUpdateCheck = 1320;
				LastUpgradeCheck = 1320;
				ORGANIZATIONNAME = Appsterdam;
				TargetAttributes = {
					2BE69E85279AF0190024D241 = {
						CreatedOnToolsVersion = 13.2.1;
					};
					2BE69E9B279AF01B0024D241 = {
						CreatedOnToolsVersion = 13.2.1;
						TestTargetID = 2BE69E85279AF0190024D241;
					};
					2BE69EA5279AF01B0024D241 = {
						CreatedOnToolsVersion = 13.2.1;
						TestTargetID = 2BE69E85279AF0190024D241;
					};
				};
			};
			buildConfigurationList = 2BE69E81279AF0190024D241 /* Build configuration list for PBXProject "Appsterdam" */;
			compatibilityVersion = "Xcode 13.0";
			developmentRegion = en;
			hasScannedForEncodings = 0;
			knownRegions = (
				en,
				Base,
			);
			mainGroup = 2BE69E7D279AF0190024D241;
			packageReferences = (
				2BE69EB9279AF0770024D241 /* XCRemoteSwiftPackageReference "Aurora" */,
			);
			productRefGroup = 2BE69E87279AF0190024D241 /* Products */;
			projectDirPath = "";
			projectRoot = "";
			targets = (
				2BE69E85279AF0190024D241 /* Appsterdam */,
				2BE69E9B279AF01B0024D241 /* AppsterdamTests */,
				2BE69EA5279AF01B0024D241 /* AppsterdamUITests */,
			);
		};
/* End PBXProject section */

/* Begin PBXResourcesBuildPhase section */
		2BE69E84279AF0190024D241 /* Resources */ = {
			isa = PBXResourcesBuildPhase;
			buildActionMask = 2147483647;
			files = (
				2BE69E96279AF01B0024D241 /* LaunchScreen.storyboard in Resources */,
				2BE69E93279AF01B0024D241 /* Assets.xcassets in Resources */,
				2BE69E91279AF0190024D241 /* Main.storyboard in Resources */,
			);
			runOnlyForDeploymentPostprocessing = 0;
		};
		2BE69E9A279AF01B0024D241 /* Resources */ = {
			isa = PBXResourcesBuildPhase;
			buildActionMask = 2147483647;
			files = (
			);
			runOnlyForDeploymentPostprocessing = 0;
		};
		2BE69EA4279AF01B0024D241 /* Resources */ = {
			isa = PBXResourcesBuildPhase;
			buildActionMask = 2147483647;
			files = (
			);
			runOnlyForDeploymentPostprocessing = 0;
		};
/* End PBXResourcesBuildPhase section */

/* Begin PBXSourcesBuildPhase section */
		2BE69E82279AF0190024D241 /* Sources */ = {
			isa = PBXSourcesBuildPhase;
			buildActionMask = 2147483647;
			files = (
				2BE69EC1279B00FE0024D241 /* Settings.swift in Sources */,
				2B1F7E20279C1D5F000B163A /* MainView.swift in Sources */,
				2B1F7E1C279C18E4000B163A /* AboutView.swift in Sources */,
				2BE69EBD279AF0C50024D241 /* EventViewController.swift in Sources */,
				2BE69E8E279AF0190024D241 /* HomeViewController.swift in Sources */,
				2BE69E8A279AF0190024D241 /* AppDelegate.swift in Sources */,
				2B1F7E1E279C1968000B163A /* HomeView.swift in Sources */,
				2BE69EBF279AF0DA0024D241 /* AboutViewController.swift in Sources */,
				2BE69E8C279AF0190024D241 /* SceneDelegate.swift in Sources */,
				2B1F7E22279C1DEF000B163A /* EventView.swift in Sources */,
			);
			runOnlyForDeploymentPostprocessing = 0;
		};
		2BE69E98279AF01B0024D241 /* Sources */ = {
			isa = PBXSourcesBuildPhase;
			buildActionMask = 2147483647;
			files = (
				2BE69EA1279AF01B0024D241 /* AppsterdamTests.swift in Sources */,
			);
			runOnlyForDeploymentPostprocessing = 0;
		};
		2BE69EA2279AF01B0024D241 /* Sources */ = {
			isa = PBXSourcesBuildPhase;
			buildActionMask = 2147483647;
			files = (
				2BE69EAB279AF01B0024D241 /* AppsterdamUITests.swift in Sources */,
				2BE69EAD279AF01B0024D241 /* AppsterdamUITestsLaunchTests.swift in Sources */,
			);
			runOnlyForDeploymentPostprocessing = 0;
		};
/* End PBXSourcesBuildPhase section */

/* Begin PBXTargetDependency section */
		2BE69E9E279AF01B0024D241 /* PBXTargetDependency */ = {
			isa = PBXTargetDependency;
			target = 2BE69E85279AF0190024D241 /* Appsterdam */;
			targetProxy = 2BE69E9D279AF01B0024D241 /* PBXContainerItemProxy */;
		};
		2BE69EA8279AF01B0024D241 /* PBXTargetDependency */ = {
			isa = PBXTargetDependency;
			target = 2BE69E85279AF0190024D241 /* Appsterdam */;
			targetProxy = 2BE69EA7279AF01B0024D241 /* PBXContainerItemProxy */;
		};
/* End PBXTargetDependency section */

/* Begin PBXVariantGroup section */
		2BE69E8F279AF0190024D241 /* Main.storyboard */ = {
			isa = PBXVariantGroup;
			children = (
				2BE69E90279AF0190024D241 /* Base */,
			);
			name = Main.storyboard;
			sourceTree = "<group>";
		};
		2BE69E94279AF01B0024D241 /* LaunchScreen.storyboard */ = {
			isa = PBXVariantGroup;
			children = (
				2BE69E95279AF01B0024D241 /* Base */,
			);
			name = LaunchScreen.storyboard;
			sourceTree = "<group>";
		};
/* End PBXVariantGroup section */

/* Begin XCBuildConfiguration section */
		2BE69EAE279AF01B0024D241 /* Debug */ = {
			isa = XCBuildConfiguration;
			buildSettings = {
				ALWAYS_SEARCH_USER_PATHS = NO;
				ASSETCATALOG_COMPILER_GLOBAL_ACCENT_COLOR_NAME = AccentColor;
				CLANG_ANALYZER_NONNULL = YES;
				CLANG_ANALYZER_NUMBER_OBJECT_CONVERSION = YES_AGGRESSIVE;
				CLANG_CXX_LANGUAGE_STANDARD = "gnu++17";
				CLANG_CXX_LIBRARY = "libc++";
				CLANG_ENABLE_MODULES = YES;
				CLANG_ENABLE_OBJC_ARC = YES;
				CLANG_ENABLE_OBJC_WEAK = YES;
				CLANG_WARN_BLOCK_CAPTURE_AUTORELEASING = YES;
				CLANG_WARN_BOOL_CONVERSION = YES;
				CLANG_WARN_COMMA = YES;
				CLANG_WARN_CONSTANT_CONVERSION = YES;
				CLANG_WARN_DEPRECATED_OBJC_IMPLEMENTATIONS = YES;
				CLANG_WARN_DIRECT_OBJC_ISA_USAGE = YES_ERROR;
				CLANG_WARN_DOCUMENTATION_COMMENTS = YES;
				CLANG_WARN_EMPTY_BODY = YES;
				CLANG_WARN_ENUM_CONVERSION = YES;
				CLANG_WARN_INFINITE_RECURSION = YES;
				CLANG_WARN_INT_CONVERSION = YES;
				CLANG_WARN_NON_LITERAL_NULL_CONVERSION = YES;
				CLANG_WARN_OBJC_IMPLICIT_RETAIN_SELF = YES;
				CLANG_WARN_OBJC_LITERAL_CONVERSION = YES;
				CLANG_WARN_OBJC_ROOT_CLASS = YES_ERROR;
				CLANG_WARN_QUOTED_INCLUDE_IN_FRAMEWORK_HEADER = YES;
				CLANG_WARN_RANGE_LOOP_ANALYSIS = YES;
				CLANG_WARN_STRICT_PROTOTYPES = YES;
				CLANG_WARN_SUSPICIOUS_MOVE = YES;
				CLANG_WARN_UNGUARDED_AVAILABILITY = YES_AGGRESSIVE;
				CLANG_WARN_UNREACHABLE_CODE = YES;
				CLANG_WARN__DUPLICATE_METHOD_MATCH = YES;
				COPY_PHASE_STRIP = NO;
				DEBUG_INFORMATION_FORMAT = dwarf;
				ENABLE_STRICT_OBJC_MSGSEND = YES;
				ENABLE_TESTABILITY = YES;
				GCC_C_LANGUAGE_STANDARD = gnu11;
				GCC_DYNAMIC_NO_PIC = NO;
				GCC_NO_COMMON_BLOCKS = YES;
				GCC_OPTIMIZATION_LEVEL = 0;
				GCC_PREPROCESSOR_DEFINITIONS = (
					"DEBUG=1",
					"$(inherited)",
				);
				GCC_WARN_64_TO_32_BIT_CONVERSION = YES;
				GCC_WARN_ABOUT_RETURN_TYPE = YES_ERROR;
				GCC_WARN_UNDECLARED_SELECTOR = YES;
				GCC_WARN_UNINITIALIZED_AUTOS = YES_AGGRESSIVE;
				GCC_WARN_UNUSED_FUNCTION = YES;
				GCC_WARN_UNUSED_VARIABLE = YES;
				IPHONEOS_DEPLOYMENT_TARGET = 15.2;
				MTL_ENABLE_DEBUG_INFO = INCLUDE_SOURCE;
				MTL_FAST_MATH = YES;
				ONLY_ACTIVE_ARCH = YES;
				SDKROOT = iphoneos;
				SWIFT_ACTIVE_COMPILATION_CONDITIONS = DEBUG;
				SWIFT_OPTIMIZATION_LEVEL = "-Onone";
			};
			name = Debug;
		};
		2BE69EAF279AF01B0024D241 /* Release */ = {
			isa = XCBuildConfiguration;
			buildSettings = {
				ALWAYS_SEARCH_USER_PATHS = NO;
				ASSETCATALOG_COMPILER_GLOBAL_ACCENT_COLOR_NAME = AccentColor;
				CLANG_ANALYZER_NONNULL = YES;
				CLANG_ANALYZER_NUMBER_OBJECT_CONVERSION = YES_AGGRESSIVE;
				CLANG_CXX_LANGUAGE_STANDARD = "gnu++17";
				CLANG_CXX_LIBRARY = "libc++";
				CLANG_ENABLE_MODULES = YES;
				CLANG_ENABLE_OBJC_ARC = YES;
				CLANG_ENABLE_OBJC_WEAK = YES;
				CLANG_WARN_BLOCK_CAPTURE_AUTORELEASING = YES;
				CLANG_WARN_BOOL_CONVERSION = YES;
				CLANG_WARN_COMMA = YES;
				CLANG_WARN_CONSTANT_CONVERSION = YES;
				CLANG_WARN_DEPRECATED_OBJC_IMPLEMENTATIONS = YES;
				CLANG_WARN_DIRECT_OBJC_ISA_USAGE = YES_ERROR;
				CLANG_WARN_DOCUMENTATION_COMMENTS = YES;
				CLANG_WARN_EMPTY_BODY = YES;
				CLANG_WARN_ENUM_CONVERSION = YES;
				CLANG_WARN_INFINITE_RECURSION = YES;
				CLANG_WARN_INT_CONVERSION = YES;
				CLANG_WARN_NON_LITERAL_NULL_CONVERSION = YES;
				CLANG_WARN_OBJC_IMPLICIT_RETAIN_SELF = YES;
				CLANG_WARN_OBJC_LITERAL_CONVERSION = YES;
				CLANG_WARN_OBJC_ROOT_CLASS = YES_ERROR;
				CLANG_WARN_QUOTED_INCLUDE_IN_FRAMEWORK_HEADER = YES;
				CLANG_WARN_RANGE_LOOP_ANALYSIS = YES;
				CLANG_WARN_STRICT_PROTOTYPES = YES;
				CLANG_WARN_SUSPICIOUS_MOVE = YES;
				CLANG_WARN_UNGUARDED_AVAILABILITY = YES_AGGRESSIVE;
				CLANG_WARN_UNREACHABLE_CODE = YES;
				CLANG_WARN__DUPLICATE_METHOD_MATCH = YES;
				COPY_PHASE_STRIP = NO;
				DEBUG_INFORMATION_FORMAT = "dwarf-with-dsym";
				ENABLE_NS_ASSERTIONS = NO;
				ENABLE_STRICT_OBJC_MSGSEND = YES;
				GCC_C_LANGUAGE_STANDARD = gnu11;
				GCC_NO_COMMON_BLOCKS = YES;
				GCC_WARN_64_TO_32_BIT_CONVERSION = YES;
				GCC_WARN_ABOUT_RETURN_TYPE = YES_ERROR;
				GCC_WARN_UNDECLARED_SELECTOR = YES;
				GCC_WARN_UNINITIALIZED_AUTOS = YES_AGGRESSIVE;
				GCC_WARN_UNUSED_FUNCTION = YES;
				GCC_WARN_UNUSED_VARIABLE = YES;
				IPHONEOS_DEPLOYMENT_TARGET = 15.2;
				MTL_ENABLE_DEBUG_INFO = NO;
				MTL_FAST_MATH = YES;
				SDKROOT = iphoneos;
				SWIFT_COMPILATION_MODE = wholemodule;
				SWIFT_OPTIMIZATION_LEVEL = "-O";
				VALIDATE_PRODUCT = YES;
			};
			name = Release;
		};
		2BE69EB1279AF01B0024D241 /* Debug */ = {
			isa = XCBuildConfiguration;
			buildSettings = {
				ASSETCATALOG_COMPILER_APPICON_NAME = AppIcon;
				ASSETCATALOG_COMPILER_GLOBAL_ACCENT_COLOR_NAME = AccentColor;
				CODE_SIGN_STYLE = Automatic;
				CURRENT_PROJECT_VERSION = 1;
				DEVELOPMENT_TEAM = 4V2D72S45C;
				GENERATE_INFOPLIST_FILE = YES;
				INFOPLIST_FILE = Appsterdam/Info.plist;
				INFOPLIST_KEY_UIApplicationSupportsIndirectInputEvents = YES;
				INFOPLIST_KEY_UILaunchStoryboardName = LaunchScreen;
				INFOPLIST_KEY_UIMainStoryboardFile = Main;
				INFOPLIST_KEY_UISupportedInterfaceOrientations_iPad = "UIInterfaceOrientationPortrait UIInterfaceOrientationPortraitUpsideDown UIInterfaceOrientationLandscapeLeft UIInterfaceOrientationLandscapeRight";
				INFOPLIST_KEY_UISupportedInterfaceOrientations_iPhone = "UIInterfaceOrientationPortrait UIInterfaceOrientationLandscapeLeft UIInterfaceOrientationLandscapeRight";
				LD_RUNPATH_SEARCH_PATHS = (
					"$(inherited)",
					"@executable_path/Frameworks",
				);
				MARKETING_VERSION = 1.0;
				PRODUCT_BUNDLE_IDENTIFIER = rs.Appsterdam.Appsterdam;
				PRODUCT_NAME = "$(TARGET_NAME)";
				SWIFT_EMIT_LOC_STRINGS = YES;
				SWIFT_VERSION = 5.0;
				TARGETED_DEVICE_FAMILY = "1,2";
			};
			name = Debug;
		};
		2BE69EB2279AF01B0024D241 /* Release */ = {
			isa = XCBuildConfiguration;
			buildSettings = {
				ASSETCATALOG_COMPILER_APPICON_NAME = AppIcon;
				ASSETCATALOG_COMPILER_GLOBAL_ACCENT_COLOR_NAME = AccentColor;
				CODE_SIGN_STYLE = Automatic;
				CURRENT_PROJECT_VERSION = 1;
				DEVELOPMENT_TEAM = 4V2D72S45C;
				GENERATE_INFOPLIST_FILE = YES;
				INFOPLIST_FILE = Appsterdam/Info.plist;
				INFOPLIST_KEY_UIApplicationSupportsIndirectInputEvents = YES;
				INFOPLIST_KEY_UILaunchStoryboardName = LaunchScreen;
				INFOPLIST_KEY_UIMainStoryboardFile = Main;
				INFOPLIST_KEY_UISupportedInterfaceOrientations_iPad = "UIInterfaceOrientationPortrait UIInterfaceOrientationPortraitUpsideDown UIInterfaceOrientationLandscapeLeft UIInterfaceOrientationLandscapeRight";
				INFOPLIST_KEY_UISupportedInterfaceOrientations_iPhone = "UIInterfaceOrientationPortrait UIInterfaceOrientationLandscapeLeft UIInterfaceOrientationLandscapeRight";
				LD_RUNPATH_SEARCH_PATHS = (
					"$(inherited)",
					"@executable_path/Frameworks",
				);
				MARKETING_VERSION = 1.0;
				PRODUCT_BUNDLE_IDENTIFIER = rs.Appsterdam.Appsterdam;
				PRODUCT_NAME = "$(TARGET_NAME)";
				SWIFT_EMIT_LOC_STRINGS = YES;
				SWIFT_VERSION = 5.0;
				TARGETED_DEVICE_FAMILY = "1,2";
			};
			name = Release;
		};
		2BE69EB4279AF01B0024D241 /* Debug */ = {
			isa = XCBuildConfiguration;
			buildSettings = {
				ALWAYS_EMBED_SWIFT_STANDARD_LIBRARIES = YES;
				BUNDLE_LOADER = "$(TEST_HOST)";
				CODE_SIGN_STYLE = Automatic;
				CURRENT_PROJECT_VERSION = 1;
				DEVELOPMENT_TEAM = 4V2D72S45C;
				GENERATE_INFOPLIST_FILE = YES;
				IPHONEOS_DEPLOYMENT_TARGET = 15.2;
				MARKETING_VERSION = 1.0;
				PRODUCT_BUNDLE_IDENTIFIER = rs.Appsterdam.AppsterdamTests;
				PRODUCT_NAME = "$(TARGET_NAME)";
				SWIFT_EMIT_LOC_STRINGS = NO;
				SWIFT_VERSION = 5.0;
				TARGETED_DEVICE_FAMILY = "1,2";
				TEST_HOST = "$(BUILT_PRODUCTS_DIR)/Appsterdam.app/Appsterdam";
			};
			name = Debug;
		};
		2BE69EB5279AF01B0024D241 /* Release */ = {
			isa = XCBuildConfiguration;
			buildSettings = {
				ALWAYS_EMBED_SWIFT_STANDARD_LIBRARIES = YES;
				BUNDLE_LOADER = "$(TEST_HOST)";
				CODE_SIGN_STYLE = Automatic;
				CURRENT_PROJECT_VERSION = 1;
				DEVELOPMENT_TEAM = 4V2D72S45C;
				GENERATE_INFOPLIST_FILE = YES;
				IPHONEOS_DEPLOYMENT_TARGET = 15.2;
				MARKETING_VERSION = 1.0;
				PRODUCT_BUNDLE_IDENTIFIER = rs.Appsterdam.AppsterdamTests;
				PRODUCT_NAME = "$(TARGET_NAME)";
				SWIFT_EMIT_LOC_STRINGS = NO;
				SWIFT_VERSION = 5.0;
				TARGETED_DEVICE_FAMILY = "1,2";
				TEST_HOST = "$(BUILT_PRODUCTS_DIR)/Appsterdam.app/Appsterdam";
			};
			name = Release;
		};
		2BE69EB7279AF01B0024D241 /* Debug */ = {
			isa = XCBuildConfiguration;
			buildSettings = {
				ALWAYS_EMBED_SWIFT_STANDARD_LIBRARIES = YES;
				CODE_SIGN_STYLE = Automatic;
				CURRENT_PROJECT_VERSION = 1;
				DEVELOPMENT_TEAM = 4V2D72S45C;
				GENERATE_INFOPLIST_FILE = YES;
				MARKETING_VERSION = 1.0;
				PRODUCT_BUNDLE_IDENTIFIER = rs.Appsterdam.AppsterdamUITests;
				PRODUCT_NAME = "$(TARGET_NAME)";
				SWIFT_EMIT_LOC_STRINGS = NO;
				SWIFT_VERSION = 5.0;
				TARGETED_DEVICE_FAMILY = "1,2";
				TEST_TARGET_NAME = Appsterdam;
			};
			name = Debug;
		};
		2BE69EB8279AF01B0024D241 /* Release */ = {
			isa = XCBuildConfiguration;
			buildSettings = {
				ALWAYS_EMBED_SWIFT_STANDARD_LIBRARIES = YES;
				CODE_SIGN_STYLE = Automatic;
				CURRENT_PROJECT_VERSION = 1;
				DEVELOPMENT_TEAM = 4V2D72S45C;
				GENERATE_INFOPLIST_FILE = YES;
				MARKETING_VERSION = 1.0;
				PRODUCT_BUNDLE_IDENTIFIER = rs.Appsterdam.AppsterdamUITests;
				PRODUCT_NAME = "$(TARGET_NAME)";
				SWIFT_EMIT_LOC_STRINGS = NO;
				SWIFT_VERSION = 5.0;
				TARGETED_DEVICE_FAMILY = "1,2";
				TEST_TARGET_NAME = Appsterdam;
			};
			name = Release;
		};
/* End XCBuildConfiguration section */

/* Begin XCConfigurationList section */
		2BE69E81279AF0190024D241 /* Build configuration list for PBXProject "Appsterdam" */ = {
			isa = XCConfigurationList;
			buildConfigurations = (
				2BE69EAE279AF01B0024D241 /* Debug */,
				2BE69EAF279AF01B0024D241 /* Release */,
			);
			defaultConfigurationIsVisible = 0;
			defaultConfigurationName = Release;
		};
		2BE69EB0279AF01B0024D241 /* Build configuration list for PBXNativeTarget "Appsterdam" */ = {
			isa = XCConfigurationList;
			buildConfigurations = (
				2BE69EB1279AF01B0024D241 /* Debug */,
				2BE69EB2279AF01B0024D241 /* Release */,
			);
			defaultConfigurationIsVisible = 0;
			defaultConfigurationName = Release;
		};
		2BE69EB3279AF01B0024D241 /* Build configuration list for PBXNativeTarget "AppsterdamTests" */ = {
			isa = XCConfigurationList;
			buildConfigurations = (
				2BE69EB4279AF01B0024D241 /* Debug */,
				2BE69EB5279AF01B0024D241 /* Release */,
			);
			defaultConfigurationIsVisible = 0;
			defaultConfigurationName = Release;
		};
		2BE69EB6279AF01B0024D241 /* Build configuration list for PBXNativeTarget "AppsterdamUITests" */ = {
			isa = XCConfigurationList;
			buildConfigurations = (
				2BE69EB7279AF01B0024D241 /* Debug */,
				2BE69EB8279AF01B0024D241 /* Release */,
			);
			defaultConfigurationIsVisible = 0;
			defaultConfigurationName = Release;
		};
/* End XCConfigurationList section */

/* Begin XCRemoteSwiftPackageReference section */
		2BE69EB9279AF0770024D241 /* XCRemoteSwiftPackageReference "Aurora" */ = {
			isa = XCRemoteSwiftPackageReference;
			repositoryURL = "https://github.com/AuroraFramework/Aurora.swift";
			requirement = {
				branch = master;
				kind = branch;
			};
		};
/* End XCRemoteSwiftPackageReference section */

/* Begin XCSwiftPackageProductDependency section */
		2BE69EBA279AF0770024D241 /* Aurora */ = {
			isa = XCSwiftPackageProductDependency;
			package = 2BE69EB9279AF0770024D241 /* XCRemoteSwiftPackageReference "Aurora" */;
			productName = Aurora;
		};
/* End XCSwiftPackageProductDependency section */
	};
	rootObject = 2BE69E7E279AF0190024D241 /* Project object */;
}
