{
  "pins" : [
    {
      "identity" : "aurora.swift",
      "kind" : "remoteSourceControl",
      "location" : "https://github.com/AuroraFramework/Aurora.swift",
      "state" : {
        "branch" : "master",
        "revision" : "ff63b6006df5f54cffb687a0bdfecf7baee13f5e"
      }
    }
  ],
  "version" : 2
}
