{
  "pins" : [
    {
      "identity" : "aurora.swift",
      "kind" : "remoteSourceControl",
      "location" : "https://github.com/AuroraFramework/Aurora.swift",
      "state" : {
        "branch" : "master",
        "revision" : "9ca9be78efb205a0617a83c6d5ca7ecdf7e7c9d7"
      }
    }
  ],
  "version" : 2
}
